
Microsoft Visual Studio Solution File, Format Version 12.00
# Visual Studio 14
VisualStudioVersion = 14.0.25420.1
MinimumVisualStudioVersion = 10.0.40219.1
Project("{FAE04EC0-301F-11D3-BF4B-00C04F79EFBC}") = "Udemy.Transaction.Core", "Udemy.Transaction.Core\Udemy.Transaction.Core.csproj", "{B383E387-89A7-4C0E-AC84-7BF96A606702}"
EndProject
Project("{FAE04EC0-301F-11D3-BF4B-00C04F79EFBC}") = "Udemy.Tansaction.UI", "Udemy.Tansaction.UI\Udemy.Tansaction.UI.csproj", "{77ECEBAF-CB9C-4A16-BF6C-480437104357}"
EndProject
Global
	GlobalSection(SolutionConfigurationPlatforms) = preSolution
		Debug|Any CPU = Debug|Any CPU
		Release|Any CPU = Release|Any CPU
	EndGlobalSection
	GlobalSection(ProjectConfigurationPlatforms) = postSolution
		{B383E387-89A7-4C0E-AC84-7BF96A606702}.Debug|Any CPU.ActiveCfg = Debug|Any CPU
		{B383E387-89A7-4C0E-AC84-7BF96A606702}.Debug|Any CPU.Build.0 = Debug|Any CPU
		{B383E387-89A7-4C0E-AC84-7BF96A606702}.Release|Any CPU.ActiveCfg = Release|Any CPU
		{B383E387-89A7-4C0E-AC84-7BF96A606702}.Release|Any CPU.Build.0 = Release|Any CPU
		{77ECEBAF-CB9C-4A16-BF6C-480437104357}.Debug|Any CPU.ActiveCfg = Debug|Any CPU
		{77ECEBAF-CB9C-4A16-BF6C-480437104357}.Debug|Any CPU.Build.0 = Debug|Any CPU
		{77ECEBAF-CB9C-4A16-BF6C-480437104357}.Release|Any CPU.ActiveCfg = Release|Any CPU
		{77ECEBAF-CB9C-4A16-BF6C-480437104357}.Release|Any CPU.Build.0 = Release|Any CPU
	EndGlobalSection
	GlobalSection(SolutionProperties) = preSolution
		HideSolutionNode = FALSE
	EndGlobalSection
EndGlobal
